// !$*UTF8*$!
{
	archiveVersion = 1;
	classes = {
	};
	objectVersion = 46;
	objects = {

/* Begin PBXBuildFile section */
		1111CAC9156D1F16009F5CB7 /* checkMark.png in Resources */ = {isa = PBXBuildFile; fileRef = 1111CAC7156D1F16009F5CB7 /* checkMark.png */; };
		1111CACA156D1F16009F5CB7 /* noCheckMark.png in Resources */ = {isa = PBXBuildFile; fileRef = 1111CAC8156D1F16009F5CB7 /* noCheckMark.png */; };
		11298BF815B2779200314E2E /* Stores.m in Sources */ = {isa = PBXBuildFile; fileRef = 11298BF715B2779200314E2E /* Stores.m */; };
		11298BFF15B277B100314E2E /* Contains.m in Sources */ = {isa = PBXBuildFile; fileRef = 11298BFE15B277B100314E2E /* Contains.m */; };
		11298C0215B3C0D400314E2E /* PriceStoreTableViewController.m in Sources */ = {isa = PBXBuildFile; fileRef = 11298C0115B3C0D400314E2E /* PriceStoreTableViewController.m */; };
		11330E121566FDDE006691BF /* OptionsTableViewController.m in Sources */ = {isa = PBXBuildFile; fileRef = 11330E111566FDDE006691BF /* OptionsTableViewController.m */; };
		11348B1115B9D7F500D96A92 /* SelectStoreFilterTableViewController.m in Sources */ = {isa = PBXBuildFile; fileRef = 11348B1015B9D7F400D96A92 /* SelectStoreFilterTableViewController.m */; };
		11348B1615B9DA5200D96A92 /* StoreFilteredListContentTableViewController.m in Sources */ = {isa = PBXBuildFile; fileRef = 11348B1515B9DA5200D96A92 /* StoreFilteredListContentTableViewController.m */; };
		1139D5A715BA5D8B0087ABAD /* SelectTagFilterTableViewController.m in Sources */ = {isa = PBXBuildFile; fileRef = 1139D5A615BA5D8B0087ABAD /* SelectTagFilterTableViewController.m */; };
		1139D5AA15BA5DC90087ABAD /* TagFilteredListContentTableViewController.m in Sources */ = {isa = PBXBuildFile; fileRef = 1139D5A915BA5DC80087ABAD /* TagFilteredListContentTableViewController.m */; };
		113C98261567925800AFD094 /* SelectFontSizeTableViewController.m in Sources */ = {isa = PBXBuildFile; fileRef = 113C98251567925800AFD094 /* SelectFontSizeTableViewController.m */; };
		113C982A1567927100AFD094 /* SelectSortingRuleTableViewController.m in Sources */ = {isa = PBXBuildFile; fileRef = 113C98291567927100AFD094 /* SelectSortingRuleTableViewController.m */; };
		113D6E6A1577CE3E00F816F1 /* MessageUI.framework in Frameworks */ = {isa = PBXBuildFile; fileRef = 113D6E691577CE3E00F816F1 /* MessageUI.framework */; };
		114B9C1D155AF408003F785C /* UIKit.framework in Frameworks */ = {isa = PBXBuildFile; fileRef = 114B9C1C155AF408003F785C /* UIKit.framework */; };
		114B9C1F155AF408003F785C /* Foundation.framework in Frameworks */ = {isa = PBXBuildFile; fileRef = 114B9C1E155AF408003F785C /* Foundation.framework */; };
		114B9C21155AF408003F785C /* CoreGraphics.framework in Frameworks */ = {isa = PBXBuildFile; fileRef = 114B9C20155AF408003F785C /* CoreGraphics.framework */; };
		114B9C27155AF408003F785C /* InfoPlist.strings in Resources */ = {isa = PBXBuildFile; fileRef = 114B9C25155AF408003F785C /* InfoPlist.strings */; };
		114B9C29155AF408003F785C /* main.m in Sources */ = {isa = PBXBuildFile; fileRef = 114B9C28155AF408003F785C /* main.m */; };
		114B9C2D155AF408003F785C /* ShoppingListAppDelegate.m in Sources */ = {isa = PBXBuildFile; fileRef = 114B9C2C155AF408003F785C /* ShoppingListAppDelegate.m */; };
		114B9C30155AF408003F785C /* MainStoryboard_iPhone.storyboard in Resources */ = {isa = PBXBuildFile; fileRef = 114B9C2E155AF408003F785C /* MainStoryboard_iPhone.storyboard */; };
		114B9C33155AF408003F785C /* MainStoryboard_iPad.storyboard in Resources */ = {isa = PBXBuildFile; fileRef = 114B9C31155AF408003F785C /* MainStoryboard_iPad.storyboard */; };
		114B9C3E155AF409003F785C /* SenTestingKit.framework in Frameworks */ = {isa = PBXBuildFile; fileRef = 114B9C3D155AF409003F785C /* SenTestingKit.framework */; };
		114B9C3F155AF409003F785C /* UIKit.framework in Frameworks */ = {isa = PBXBuildFile; fileRef = 114B9C1C155AF408003F785C /* UIKit.framework */; };
		114B9C40155AF409003F785C /* Foundation.framework in Frameworks */ = {isa = PBXBuildFile; fileRef = 114B9C1E155AF408003F785C /* Foundation.framework */; };
		114B9C48155AF409003F785C /* InfoPlist.strings in Resources */ = {isa = PBXBuildFile; fileRef = 114B9C46155AF409003F785C /* InfoPlist.strings */; };
		114B9C4B155AF409003F785C /* OIShoppingListTests.m in Sources */ = {isa = PBXBuildFile; fileRef = 114B9C4A155AF409003F785C /* OIShoppingListTests.m */; };
		114F7EA7155ECB11002209AF /* ListContentTableViewController.m in Sources */ = {isa = PBXBuildFile; fileRef = 114F7EA6155ECB11002209AF /* ListContentTableViewController.m */; };
		115FC7011590C274002FBC83 /* Items+Manage.m in Sources */ = {isa = PBXBuildFile; fileRef = 115FC7001590C274002FBC83 /* Items+Manage.m */; };
		115FC7041590C2A2002FBC83 /* Lists+Manage.m in Sources */ = {isa = PBXBuildFile; fileRef = 115FC7031590C2A2002FBC83 /* Lists+Manage.m */; };
		115FC7071590C3B0002FBC83 /* Contains+Manage.m in Sources */ = {isa = PBXBuildFile; fileRef = 115FC7061590C3AF002FBC83 /* Contains+Manage.m */; };
		115FC70A1590C95F002FBC83 /* Lists.m in Sources */ = {isa = PBXBuildFile; fileRef = 115FC7091590C95F002FBC83 /* Lists.m */; };
		115FC70D1590C960002FBC83 /* Items.m in Sources */ = {isa = PBXBuildFile; fileRef = 115FC70C1590C95F002FBC83 /* Items.m */; };
		115FC7131590C961002FBC83 /* Itemsstores.m in Sources */ = {isa = PBXBuildFile; fileRef = 115FC7121590C961002FBC83 /* Itemsstores.m */; };
		115FC7191590C961002FBC83 /* Units.m in Sources */ = {isa = PBXBuildFile; fileRef = 115FC7181590C961002FBC83 /* Units.m */; };
		116283B315934D2500C025F6 /* EditingItemDetailTableViewControllerViewController.m in Sources */ = {isa = PBXBuildFile; fileRef = 116283B215934D2500C025F6 /* EditingItemDetailTableViewControllerViewController.m */; };
		116F059615B4EA81008C2C3A /* PriceTextField.m in Sources */ = {isa = PBXBuildFile; fileRef = 116F059515B4EA81008C2C3A /* PriceTextField.m */; };
		117D405B155D0D2200AD6F4E /* ShoppingListDataModel.xcdatamodeld in Sources */ = {isa = PBXBuildFile; fileRef = 117D4059155D0D2200AD6F4E /* ShoppingListDataModel.xcdatamodeld */; };
		11B6543315B00EEF00481D35 /* Stores+Manage.m in Sources */ = {isa = PBXBuildFile; fileRef = 11B6543215B00EEF00481D35 /* Stores+Manage.m */; };
		11B6543915B0120000481D35 /* Itemsstores+Manage.m in Sources */ = {isa = PBXBuildFile; fileRef = 11B6543815B0120000481D35 /* Itemsstores+Manage.m */; };
		11B703BC1591DCF800B06BA6 /* Units+Manage.m in Sources */ = {isa = PBXBuildFile; fileRef = 11B703BB1591DCF800B06BA6 /* Units+Manage.m */; };
		11C289E4155D3EC300BC089D /* CoreDataTableViewController.m in Sources */ = {isa = PBXBuildFile; fileRef = 11C289E2155D3EC200BC089D /* CoreDataTableViewController.m */; };
		11C4AD4A155D0B4A00CE7C7C /* ShoppingListTableViewController.m in Sources */ = {isa = PBXBuildFile; fileRef = 11C4AD48155D0B4A00CE7C7C /* ShoppingListTableViewController.m */; };
		11CD1963155D489B0003012B /* CoreData.framework in Frameworks */ = {isa = PBXBuildFile; fileRef = 11CD1962155D489B0003012B /* CoreData.framework */; };
		11F1CCBE156675D0000FB0E1 /* ShoppingListSettingManager.m in Sources */ = {isa = PBXBuildFile; fileRef = 11F1CCBD156675D0000FB0E1 /* ShoppingListSettingManager.m */; };
/* End PBXBuildFile section */

/* Begin PBXContainerItemProxy section */
		114B9C41155AF409003F785C /* PBXContainerItemProxy */ = {
			isa = PBXContainerItemProxy;
			containerPortal = 114B9C0F155AF408003F785C /* Project object */;
			proxyType = 1;
			remoteGlobalIDString = 114B9C17155AF408003F785C;
			remoteInfo = OIShoppingList;
		};
/* End PBXContainerItemProxy section */

/* Begin PBXFileReference section */
		1111CAC7156D1F16009F5CB7 /* checkMark.png */ = {isa = PBXFileReference; lastKnownFileType = image.png; path = checkMark.png; sourceTree = "<group>"; };
		1111CAC8156D1F16009F5CB7 /* noCheckMark.png */ = {isa = PBXFileReference; lastKnownFileType = image.png; path = noCheckMark.png; sourceTree = "<group>"; };
		11298BF615B2779200314E2E /* Stores.h */ = {isa = PBXFileReference; fileEncoding = 4; lastKnownFileType = sourcecode.c.h; path = Stores.h; sourceTree = "<group>"; };
		11298BF715B2779200314E2E /* Stores.m */ = {isa = PBXFileReference; fileEncoding = 4; lastKnownFileType = sourcecode.c.objc; path = Stores.m; sourceTree = "<group>"; };
		11298BFD15B277B100314E2E /* Contains.h */ = {isa = PBXFileReference; fileEncoding = 4; lastKnownFileType = sourcecode.c.h; path = Contains.h; sourceTree = "<group>"; };
		11298BFE15B277B100314E2E /* Contains.m */ = {isa = PBXFileReference; fileEncoding = 4; lastKnownFileType = sourcecode.c.objc; path = Contains.m; sourceTree = "<group>"; };
		11298C0015B3C0D400314E2E /* PriceStoreTableViewController.h */ = {isa = PBXFileReference; fileEncoding = 4; lastKnownFileType = sourcecode.c.h; path = PriceStoreTableViewController.h; sourceTree = "<group>"; };
		11298C0115B3C0D400314E2E /* PriceStoreTableViewController.m */ = {isa = PBXFileReference; fileEncoding = 4; lastKnownFileType = sourcecode.c.objc; path = PriceStoreTableViewController.m; sourceTree = "<group>"; };
		11330E101566FDDE006691BF /* OptionsTableViewController.h */ = {isa = PBXFileReference; fileEncoding = 4; lastKnownFileType = sourcecode.c.h; path = OptionsTableViewController.h; sourceTree = "<group>"; };
		11330E111566FDDE006691BF /* OptionsTableViewController.m */ = {isa = PBXFileReference; fileEncoding = 4; lastKnownFileType = sourcecode.c.objc; path = OptionsTableViewController.m; sourceTree = "<group>"; };
		11348B0F15B9D7F400D96A92 /* SelectStoreFilterTableViewController.h */ = {isa = PBXFileReference; fileEncoding = 4; lastKnownFileType = sourcecode.c.h; name = SelectStoreFilterTableViewController.h; path = Filter/SelectStoreFilterTableViewController.h; sourceTree = "<group>"; };
		11348B1015B9D7F400D96A92 /* SelectStoreFilterTableViewController.m */ = {isa = PBXFileReference; fileEncoding = 4; lastKnownFileType = sourcecode.c.objc; name = SelectStoreFilterTableViewController.m; path = Filter/SelectStoreFilterTableViewController.m; sourceTree = "<group>"; };
		11348B1415B9DA5100D96A92 /* StoreFilteredListContentTableViewController.h */ = {isa = PBXFileReference; fileEncoding = 4; lastKnownFileType = sourcecode.c.h; path = StoreFilteredListContentTableViewController.h; sourceTree = "<group>"; };
		11348B1515B9DA5200D96A92 /* StoreFilteredListContentTableViewController.m */ = {isa = PBXFileReference; fileEncoding = 4; lastKnownFileType = sourcecode.c.objc; path = StoreFilteredListContentTableViewController.m; sourceTree = "<group>"; };
		1139D5A515BA5D8B0087ABAD /* SelectTagFilterTableViewController.h */ = {isa = PBXFileReference; fileEncoding = 4; lastKnownFileType = sourcecode.c.h; path = SelectTagFilterTableViewController.h; sourceTree = "<group>"; };
		1139D5A615BA5D8B0087ABAD /* SelectTagFilterTableViewController.m */ = {isa = PBXFileReference; fileEncoding = 4; lastKnownFileType = sourcecode.c.objc; path = SelectTagFilterTableViewController.m; sourceTree = "<group>"; };
		1139D5A815BA5DC80087ABAD /* TagFilteredListContentTableViewController.h */ = {isa = PBXFileReference; fileEncoding = 4; lastKnownFileType = sourcecode.c.h; path = TagFilteredListContentTableViewController.h; sourceTree = "<group>"; };
		1139D5A915BA5DC80087ABAD /* TagFilteredListContentTableViewController.m */ = {isa = PBXFileReference; fileEncoding = 4; lastKnownFileType = sourcecode.c.objc; path = TagFilteredListContentTableViewController.m; sourceTree = "<group>"; };
		113C98241567925800AFD094 /* SelectFontSizeTableViewController.h */ = {isa = PBXFileReference; fileEncoding = 4; lastKnownFileType = sourcecode.c.h; path = SelectFontSizeTableViewController.h; sourceTree = "<group>"; };
		113C98251567925800AFD094 /* SelectFontSizeTableViewController.m */ = {isa = PBXFileReference; fileEncoding = 4; lastKnownFileType = sourcecode.c.objc; path = SelectFontSizeTableViewController.m; sourceTree = "<group>"; };
		113C98281567927100AFD094 /* SelectSortingRuleTableViewController.h */ = {isa = PBXFileReference; fileEncoding = 4; lastKnownFileType = sourcecode.c.h; path = SelectSortingRuleTableViewController.h; sourceTree = "<group>"; };
		113C98291567927100AFD094 /* SelectSortingRuleTableViewController.m */ = {isa = PBXFileReference; fileEncoding = 4; lastKnownFileType = sourcecode.c.objc; path = SelectSortingRuleTableViewController.m; sourceTree = "<group>"; };
		113D6E691577CE3E00F816F1 /* MessageUI.framework */ = {isa = PBXFileReference; lastKnownFileType = wrapper.framework; name = MessageUI.framework; path = System/Library/Frameworks/MessageUI.framework; sourceTree = SDKROOT; };
		114B9C18155AF408003F785C /* OIShoppingList.app */ = {isa = PBXFileReference; explicitFileType = wrapper.application; includeInIndex = 0; path = OIShoppingList.app; sourceTree = BUILT_PRODUCTS_DIR; };
		114B9C1C155AF408003F785C /* UIKit.framework */ = {isa = PBXFileReference; lastKnownFileType = wrapper.framework; name = UIKit.framework; path = System/Library/Frameworks/UIKit.framework; sourceTree = SDKROOT; };
		114B9C1E155AF408003F785C /* Foundation.framework */ = {isa = PBXFileReference; lastKnownFileType = wrapper.framework; name = Foundation.framework; path = System/Library/Frameworks/Foundation.framework; sourceTree = SDKROOT; };
		114B9C20155AF408003F785C /* CoreGraphics.framework */ = {isa = PBXFileReference; lastKnownFileType = wrapper.framework; name = CoreGraphics.framework; path = System/Library/Frameworks/CoreGraphics.framework; sourceTree = SDKROOT; };
		114B9C24155AF408003F785C /* OIShoppingList-Info.plist */ = {isa = PBXFileReference; lastKnownFileType = text.plist.xml; path = "OIShoppingList-Info.plist"; sourceTree = "<group>"; };
		114B9C26155AF408003F785C /* en */ = {isa = PBXFileReference; lastKnownFileType = text.plist.strings; name = en; path = en.lproj/InfoPlist.strings; sourceTree = "<group>"; };
		114B9C28155AF408003F785C /* main.m */ = {isa = PBXFileReference; lastKnownFileType = sourcecode.c.objc; path = main.m; sourceTree = "<group>"; };
		114B9C2A155AF408003F785C /* OIShoppingList-Prefix.pch */ = {isa = PBXFileReference; lastKnownFileType = sourcecode.c.h; path = "OIShoppingList-Prefix.pch"; sourceTree = "<group>"; };
		114B9C2B155AF408003F785C /* ShoppingListAppDelegate.h */ = {isa = PBXFileReference; lastKnownFileType = sourcecode.c.h; path = ShoppingListAppDelegate.h; sourceTree = "<group>"; };
		114B9C2C155AF408003F785C /* ShoppingListAppDelegate.m */ = {isa = PBXFileReference; lastKnownFileType = sourcecode.c.objc; path = ShoppingListAppDelegate.m; sourceTree = "<group>"; };
		114B9C2F155AF408003F785C /* en */ = {isa = PBXFileReference; lastKnownFileType = file.storyboard; name = en; path = en.lproj/MainStoryboard_iPhone.storyboard; sourceTree = "<group>"; };
		114B9C32155AF408003F785C /* en */ = {isa = PBXFileReference; lastKnownFileType = file.storyboard; name = en; path = en.lproj/MainStoryboard_iPad.storyboard; sourceTree = "<group>"; };
		114B9C3C155AF409003F785C /* OIShoppingListTests.octest */ = {isa = PBXFileReference; explicitFileType = wrapper.cfbundle; includeInIndex = 0; path = OIShoppingListTests.octest; sourceTree = BUILT_PRODUCTS_DIR; };
		114B9C3D155AF409003F785C /* SenTestingKit.framework */ = {isa = PBXFileReference; lastKnownFileType = wrapper.framework; name = SenTestingKit.framework; path = Library/Frameworks/SenTestingKit.framework; sourceTree = DEVELOPER_DIR; };
		114B9C45155AF409003F785C /* OIShoppingListTests-Info.plist */ = {isa = PBXFileReference; lastKnownFileType = text.plist.xml; path = "OIShoppingListTests-Info.plist"; sourceTree = "<group>"; };
		114B9C47155AF409003F785C /* en */ = {isa = PBXFileReference; lastKnownFileType = text.plist.strings; name = en; path = en.lproj/InfoPlist.strings; sourceTree = "<group>"; };
		114B9C49155AF409003F785C /* OIShoppingListTests.h */ = {isa = PBXFileReference; lastKnownFileType = sourcecode.c.h; path = OIShoppingListTests.h; sourceTree = "<group>"; };
		114B9C4A155AF409003F785C /* OIShoppingListTests.m */ = {isa = PBXFileReference; lastKnownFileType = sourcecode.c.objc; path = OIShoppingListTests.m; sourceTree = "<group>"; };
		114F7EA5155ECB11002209AF /* ListContentTableViewController.h */ = {isa = PBXFileReference; fileEncoding = 4; lastKnownFileType = sourcecode.c.h; path = ListContentTableViewController.h; sourceTree = "<group>"; };
		114F7EA6155ECB11002209AF /* ListContentTableViewController.m */ = {isa = PBXFileReference; fileEncoding = 4; lastKnownFileType = sourcecode.c.objc; path = ListContentTableViewController.m; sourceTree = "<group>"; };
		115FC6FF1590C274002FBC83 /* Items+Manage.h */ = {isa = PBXFileReference; fileEncoding = 4; lastKnownFileType = sourcecode.c.h; path = "Items+Manage.h"; sourceTree = "<group>"; };
		115FC7001590C274002FBC83 /* Items+Manage.m */ = {isa = PBXFileReference; fileEncoding = 4; lastKnownFileType = sourcecode.c.objc; path = "Items+Manage.m"; sourceTree = "<group>"; };
		115FC7021590C2A1002FBC83 /* Lists+Manage.h */ = {isa = PBXFileReference; fileEncoding = 4; lastKnownFileType = sourcecode.c.h; path = "Lists+Manage.h"; sourceTree = "<group>"; };
		115FC7031590C2A2002FBC83 /* Lists+Manage.m */ = {isa = PBXFileReference; fileEncoding = 4; lastKnownFileType = sourcecode.c.objc; path = "Lists+Manage.m"; sourceTree = "<group>"; };
		115FC7051590C3AF002FBC83 /* Contains+Manage.h */ = {isa = PBXFileReference; fileEncoding = 4; lastKnownFileType = sourcecode.c.h; path = "Contains+Manage.h"; sourceTree = "<group>"; };
		115FC7061590C3AF002FBC83 /* Contains+Manage.m */ = {isa = PBXFileReference; fileEncoding = 4; lastKnownFileType = sourcecode.c.objc; path = "Contains+Manage.m"; sourceTree = "<group>"; };
		115FC7081590C95F002FBC83 /* Lists.h */ = {isa = PBXFileReference; fileEncoding = 4; lastKnownFileType = sourcecode.c.h; path = Lists.h; sourceTree = "<group>"; };
		115FC7091590C95F002FBC83 /* Lists.m */ = {isa = PBXFileReference; fileEncoding = 4; lastKnownFileType = sourcecode.c.objc; path = Lists.m; sourceTree = "<group>"; };
		115FC70B1590C95F002FBC83 /* Items.h */ = {isa = PBXFileReference; fileEncoding = 4; lastKnownFileType = sourcecode.c.h; path = Items.h; sourceTree = "<group>"; };
		115FC70C1590C95F002FBC83 /* Items.m */ = {isa = PBXFileReference; fileEncoding = 4; lastKnownFileType = sourcecode.c.objc; path = Items.m; sourceTree = "<group>"; };
		115FC7111590C960002FBC83 /* Itemsstores.h */ = {isa = PBXFileReference; fileEncoding = 4; lastKnownFileType = sourcecode.c.h; path = Itemsstores.h; sourceTree = "<group>"; };
		115FC7121590C961002FBC83 /* Itemsstores.m */ = {isa = PBXFileReference; fileEncoding = 4; lastKnownFileType = sourcecode.c.objc; path = Itemsstores.m; sourceTree = "<group>"; };
		115FC7171590C961002FBC83 /* Units.h */ = {isa = PBXFileReference; fileEncoding = 4; lastKnownFileType = sourcecode.c.h; path = Units.h; sourceTree = "<group>"; };
		115FC7181590C961002FBC83 /* Units.m */ = {isa = PBXFileReference; fileEncoding = 4; lastKnownFileType = sourcecode.c.objc; path = Units.m; sourceTree = "<group>"; };
		116283B115934D2500C025F6 /* EditingItemDetailTableViewControllerViewController.h */ = {isa = PBXFileReference; fileEncoding = 4; lastKnownFileType = sourcecode.c.h; path = EditingItemDetailTableViewControllerViewController.h; sourceTree = "<group>"; };
		116283B215934D2500C025F6 /* EditingItemDetailTableViewControllerViewController.m */ = {isa = PBXFileReference; fileEncoding = 4; lastKnownFileType = sourcecode.c.objc; path = EditingItemDetailTableViewControllerViewController.m; sourceTree = "<group>"; };
		116F059415B4EA81008C2C3A /* PriceTextField.h */ = {isa = PBXFileReference; fileEncoding = 4; lastKnownFileType = sourcecode.c.h; path = PriceTextField.h; sourceTree = "<group>"; };
		116F059515B4EA81008C2C3A /* PriceTextField.m */ = {isa = PBXFileReference; fileEncoding = 4; lastKnownFileType = sourcecode.c.objc; path = PriceTextField.m; sourceTree = "<group>"; };
		117D405A155D0D2200AD6F4E /* ShoppingListDataModel.xcdatamodel */ = {isa = PBXFileReference; lastKnownFileType = wrapper.xcdatamodel; path = ShoppingListDataModel.xcdatamodel; sourceTree = "<group>"; };
		11B6543115B00EEF00481D35 /* Stores+Manage.h */ = {isa = PBXFileReference; fileEncoding = 4; lastKnownFileType = sourcecode.c.h; path = "Stores+Manage.h"; sourceTree = "<group>"; };
		11B6543215B00EEF00481D35 /* Stores+Manage.m */ = {isa = PBXFileReference; fileEncoding = 4; lastKnownFileType = sourcecode.c.objc; path = "Stores+Manage.m"; sourceTree = "<group>"; };
		11B6543715B0120000481D35 /* Itemsstores+Manage.h */ = {isa = PBXFileReference; fileEncoding = 4; lastKnownFileType = sourcecode.c.h; path = "Itemsstores+Manage.h"; sourceTree = "<group>"; };
		11B6543815B0120000481D35 /* Itemsstores+Manage.m */ = {isa = PBXFileReference; fileEncoding = 4; lastKnownFileType = sourcecode.c.objc; path = "Itemsstores+Manage.m"; sourceTree = "<group>"; };
		11B703BA1591DCF800B06BA6 /* Units+Manage.h */ = {isa = PBXFileReference; fileEncoding = 4; lastKnownFileType = sourcecode.c.h; path = "Units+Manage.h"; sourceTree = "<group>"; };
		11B703BB1591DCF800B06BA6 /* Units+Manage.m */ = {isa = PBXFileReference; fileEncoding = 4; lastKnownFileType = sourcecode.c.objc; path = "Units+Manage.m"; sourceTree = "<group>"; };
		11C289E2155D3EC200BC089D /* CoreDataTableViewController.m */ = {isa = PBXFileReference; fileEncoding = 4; lastKnownFileType = sourcecode.c.objc; path = CoreDataTableViewController.m; sourceTree = "<group>"; };
		11C289E3155D3EC300BC089D /* CoreDataTableViewController.h */ = {isa = PBXFileReference; fileEncoding = 4; lastKnownFileType = sourcecode.c.h; path = CoreDataTableViewController.h; sourceTree = "<group>"; };
		11C4AD47155D0B4A00CE7C7C /* ShoppingListTableViewController.h */ = {isa = PBXFileReference; fileEncoding = 4; lastKnownFileType = sourcecode.c.h; path = ShoppingListTableViewController.h; sourceTree = "<group>"; };
		11C4AD48155D0B4A00CE7C7C /* ShoppingListTableViewController.m */ = {isa = PBXFileReference; fileEncoding = 4; lastKnownFileType = sourcecode.c.objc; path = ShoppingListTableViewController.m; sourceTree = "<group>"; };
		11CD1962155D489B0003012B /* CoreData.framework */ = {isa = PBXFileReference; lastKnownFileType = wrapper.framework; name = CoreData.framework; path = System/Library/Frameworks/CoreData.framework; sourceTree = SDKROOT; };
		11F1CCBC156675D0000FB0E1 /* ShoppingListSettingManager.h */ = {isa = PBXFileReference; fileEncoding = 4; lastKnownFileType = sourcecode.c.h; path = ShoppingListSettingManager.h; sourceTree = "<group>"; };
		11F1CCBD156675D0000FB0E1 /* ShoppingListSettingManager.m */ = {isa = PBXFileReference; fileEncoding = 4; lastKnownFileType = sourcecode.c.objc; path = ShoppingListSettingManager.m; sourceTree = "<group>"; };
/* End PBXFileReference section */

/* Begin PBXFrameworksBuildPhase section */
		114B9C15155AF408003F785C /* Frameworks */ = {
			isa = PBXFrameworksBuildPhase;
			buildActionMask = 2147483647;
			files = (
				113D6E6A1577CE3E00F816F1 /* MessageUI.framework in Frameworks */,
				11CD1963155D489B0003012B /* CoreData.framework in Frameworks */,
				114B9C1D155AF408003F785C /* UIKit.framework in Frameworks */,
				114B9C1F155AF408003F785C /* Foundation.framework in Frameworks */,
				114B9C21155AF408003F785C /* CoreGraphics.framework in Frameworks */,
			);
			runOnlyForDeploymentPostprocessing = 0;
		};
		114B9C38155AF409003F785C /* Frameworks */ = {
			isa = PBXFrameworksBuildPhase;
			buildActionMask = 2147483647;
			files = (
				114B9C3E155AF409003F785C /* SenTestingKit.framework in Frameworks */,
				114B9C3F155AF409003F785C /* UIKit.framework in Frameworks */,
				114B9C40155AF409003F785C /* Foundation.framework in Frameworks */,
			);
			runOnlyForDeploymentPostprocessing = 0;
		};
/* End PBXFrameworksBuildPhase section */

/* Begin PBXGroup section */
		11348B1315B9D80700D96A92 /* Filter */ = {
			isa = PBXGroup;
			children = (
				1139D5A515BA5D8B0087ABAD /* SelectTagFilterTableViewController.h */,
				1139D5A615BA5D8B0087ABAD /* SelectTagFilterTableViewController.m */,
				1139D5A815BA5DC80087ABAD /* TagFilteredListContentTableViewController.h */,
				1139D5A915BA5DC80087ABAD /* TagFilteredListContentTableViewController.m */,
				11348B0F15B9D7F400D96A92 /* SelectStoreFilterTableViewController.h */,
				11348B1015B9D7F400D96A92 /* SelectStoreFilterTableViewController.m */,
				11348B1415B9DA5100D96A92 /* StoreFilteredListContentTableViewController.h */,
				11348B1515B9DA5200D96A92 /* StoreFilteredListContentTableViewController.m */,
			);
			name = Filter;
			sourceTree = "<group>";
		};
		113C982B156797B400AFD094 /* Options */ = {
			isa = PBXGroup;
			children = (
				113C98241567925800AFD094 /* SelectFontSizeTableViewController.h */,
				113C98251567925800AFD094 /* SelectFontSizeTableViewController.m */,
				113C98281567927100AFD094 /* SelectSortingRuleTableViewController.h */,
				113C98291567927100AFD094 /* SelectSortingRuleTableViewController.m */,
				11330E101566FDDE006691BF /* OptionsTableViewController.h */,
				11330E111566FDDE006691BF /* OptionsTableViewController.m */,
				11F1CCBC156675D0000FB0E1 /* ShoppingListSettingManager.h */,
				11F1CCBD156675D0000FB0E1 /* ShoppingListSettingManager.m */,
			);
			name = Options;
			sourceTree = "<group>";
		};
		114B9C0D155AF408003F785C = {
			isa = PBXGroup;
			children = (
				113D6E691577CE3E00F816F1 /* MessageUI.framework */,
				114B9C22155AF408003F785C /* OIShoppingList */,
				114B9C43155AF409003F785C /* OIShoppingListTests */,
				114B9C1B155AF408003F785C /* Frameworks */,
				114B9C19155AF408003F785C /* Products */,
			);
			sourceTree = "<group>";
		};
		114B9C19155AF408003F785C /* Products */ = {
			isa = PBXGroup;
			children = (
				114B9C18155AF408003F785C /* OIShoppingList.app */,
				114B9C3C155AF409003F785C /* OIShoppingListTests.octest */,
			);
			name = Products;
			sourceTree = "<group>";
		};
		114B9C1B155AF408003F785C /* Frameworks */ = {
			isa = PBXGroup;
			children = (
				11CD1962155D489B0003012B /* CoreData.framework */,
				114B9C1C155AF408003F785C /* UIKit.framework */,
				114B9C1E155AF408003F785C /* Foundation.framework */,
				114B9C20155AF408003F785C /* CoreGraphics.framework */,
				114B9C3D155AF409003F785C /* SenTestingKit.framework */,
			);
			name = Frameworks;
			sourceTree = "<group>";
		};
		114B9C22155AF408003F785C /* OIShoppingList */ = {
			isa = PBXGroup;
			children = (
				114B9C2E155AF408003F785C /* MainStoryboard_iPhone.storyboard */,
				11298C0015B3C0D400314E2E /* PriceStoreTableViewController.h */,
				11298C0115B3C0D400314E2E /* PriceStoreTableViewController.m */,
				116F059415B4EA81008C2C3A /* PriceTextField.h */,
				116F059515B4EA81008C2C3A /* PriceTextField.m */,
				11C4AD47155D0B4A00CE7C7C /* ShoppingListTableViewController.h */,
				11C4AD48155D0B4A00CE7C7C /* ShoppingListTableViewController.m */,
				114F7EA5155ECB11002209AF /* ListContentTableViewController.h */,
				114F7EA6155ECB11002209AF /* ListContentTableViewController.m */,
				116283B115934D2500C025F6 /* EditingItemDetailTableViewControllerViewController.h */,
				116283B215934D2500C025F6 /* EditingItemDetailTableViewControllerViewController.m */,
				11348B1315B9D80700D96A92 /* Filter */,
				113C982B156797B400AFD094 /* Options */,
				11C289DD155D2E4300BC089D /* DataModel */,
				114B9C23155AF408003F785C /* Supporting Files */,
			);
			path = OIShoppingList;
			sourceTree = "<group>";
		};
		114B9C23155AF408003F785C /* Supporting Files */ = {
			isa = PBXGroup;
			children = (
				1111CAC7156D1F16009F5CB7 /* checkMark.png */,
				1111CAC8156D1F16009F5CB7 /* noCheckMark.png */,
				114B9C31155AF408003F785C /* MainStoryboard_iPad.storyboard */,
				114B9C2B155AF408003F785C /* ShoppingListAppDelegate.h */,
				114B9C2C155AF408003F785C /* ShoppingListAppDelegate.m */,
				114B9C24155AF408003F785C /* OIShoppingList-Info.plist */,
				114B9C25155AF408003F785C /* InfoPlist.strings */,
				114B9C28155AF408003F785C /* main.m */,
				114B9C2A155AF408003F785C /* OIShoppingList-Prefix.pch */,
			);
			name = "Supporting Files";
			sourceTree = "<group>";
		};
		114B9C43155AF409003F785C /* OIShoppingListTests */ = {
			isa = PBXGroup;
			children = (
				114B9C49155AF409003F785C /* OIShoppingListTests.h */,
				114B9C4A155AF409003F785C /* OIShoppingListTests.m */,
				114B9C44155AF409003F785C /* Supporting Files */,
			);
			path = OIShoppingListTests;
			sourceTree = "<group>";
		};
		114B9C44155AF409003F785C /* Supporting Files */ = {
			isa = PBXGroup;
			children = (
				114B9C45155AF409003F785C /* OIShoppingListTests-Info.plist */,
				114B9C46155AF409003F785C /* InfoPlist.strings */,
			);
			name = "Supporting Files";
			sourceTree = "<group>";
		};
		11C289DD155D2E4300BC089D /* DataModel */ = {
			isa = PBXGroup;
			children = (
				117D4059155D0D2200AD6F4E /* ShoppingListDataModel.xcdatamodeld */,
				115FC7171590C961002FBC83 /* Units.h */,
				115FC7181590C961002FBC83 /* Units.m */,
				115FC7111590C960002FBC83 /* Itemsstores.h */,
				115FC7121590C961002FBC83 /* Itemsstores.m */,
				11298BF615B2779200314E2E /* Stores.h */,
				11298BF715B2779200314E2E /* Stores.m */,
				115FC70B1590C95F002FBC83 /* Items.h */,
				115FC70C1590C95F002FBC83 /* Items.m */,
				115FC7081590C95F002FBC83 /* Lists.h */,
				115FC7091590C95F002FBC83 /* Lists.m */,
				11298BFD15B277B100314E2E /* Contains.h */,
				11298BFE15B277B100314E2E /* Contains.m */,
				115FC7051590C3AF002FBC83 /* Contains+Manage.h */,
				115FC7061590C3AF002FBC83 /* Contains+Manage.m */,
				115FC7021590C2A1002FBC83 /* Lists+Manage.h */,
				115FC7031590C2A2002FBC83 /* Lists+Manage.m */,
				115FC6FF1590C274002FBC83 /* Items+Manage.h */,
				115FC7001590C274002FBC83 /* Items+Manage.m */,
				11B6543715B0120000481D35 /* Itemsstores+Manage.h */,
				11B6543815B0120000481D35 /* Itemsstores+Manage.m */,
				11B6543115B00EEF00481D35 /* Stores+Manage.h */,
				11B6543215B00EEF00481D35 /* Stores+Manage.m */,
				11B703BA1591DCF800B06BA6 /* Units+Manage.h */,
				11B703BB1591DCF800B06BA6 /* Units+Manage.m */,
				11C289E3155D3EC300BC089D /* CoreDataTableViewController.h */,
				11C289E2155D3EC200BC089D /* CoreDataTableViewController.m */,
			);
			name = DataModel;
			sourceTree = "<group>";
		};
/* End PBXGroup section */

/* Begin PBXNativeTarget section */
		114B9C17155AF408003F785C /* OIShoppingList */ = {
			isa = PBXNativeTarget;
			buildConfigurationList = 114B9C4E155AF409003F785C /* Build configuration list for PBXNativeTarget "OIShoppingList" */;
			buildPhases = (
				114B9C14155AF408003F785C /* Sources */,
				114B9C15155AF408003F785C /* Frameworks */,
				114B9C16155AF408003F785C /* Resources */,
			);
			buildRules = (
			);
			dependencies = (
			);
			name = OIShoppingList;
			productName = OIShoppingList;
			productReference = 114B9C18155AF408003F785C /* OIShoppingList.app */;
			productType = "com.apple.product-type.application";
		};
		114B9C3B155AF409003F785C /* OIShoppingListTests */ = {
			isa = PBXNativeTarget;
			buildConfigurationList = 114B9C51155AF409003F785C /* Build configuration list for PBXNativeTarget "OIShoppingListTests" */;
			buildPhases = (
				114B9C37155AF409003F785C /* Sources */,
				114B9C38155AF409003F785C /* Frameworks */,
				114B9C39155AF409003F785C /* Resources */,
				114B9C3A155AF409003F785C /* ShellScript */,
			);
			buildRules = (
			);
			dependencies = (
				114B9C42155AF409003F785C /* PBXTargetDependency */,
			);
			name = OIShoppingListTests;
			productName = OIShoppingListTests;
			productReference = 114B9C3C155AF409003F785C /* OIShoppingListTests.octest */;
			productType = "com.apple.product-type.bundle";
		};
/* End PBXNativeTarget section */

/* Begin PBXProject section */
		114B9C0F155AF408003F785C /* Project object */ = {
			isa = PBXProject;
			attributes = {
				LastUpgradeCheck = 0420;
			};
			buildConfigurationList = 114B9C12155AF408003F785C /* Build configuration list for PBXProject "OIShoppingList" */;
			compatibilityVersion = "Xcode 3.2";
			developmentRegion = English;
			hasScannedForEncodings = 0;
			knownRegions = (
				en,
			);
			mainGroup = 114B9C0D155AF408003F785C;
			productRefGroup = 114B9C19155AF408003F785C /* Products */;
			projectDirPath = "";
			projectRoot = "";
			targets = (
				114B9C17155AF408003F785C /* OIShoppingList */,
				114B9C3B155AF409003F785C /* OIShoppingListTests */,
			);
		};
/* End PBXProject section */

/* Begin PBXResourcesBuildPhase section */
		114B9C16155AF408003F785C /* Resources */ = {
			isa = PBXResourcesBuildPhase;
			buildActionMask = 2147483647;
			files = (
				114B9C27155AF408003F785C /* InfoPlist.strings in Resources */,
				114B9C30155AF408003F785C /* MainStoryboard_iPhone.storyboard in Resources */,
				114B9C33155AF408003F785C /* MainStoryboard_iPad.storyboard in Resources */,
				1111CAC9156D1F16009F5CB7 /* checkMark.png in Resources */,
				1111CACA156D1F16009F5CB7 /* noCheckMark.png in Resources */,
			);
			runOnlyForDeploymentPostprocessing = 0;
		};
		114B9C39155AF409003F785C /* Resources */ = {
			isa = PBXResourcesBuildPhase;
			buildActionMask = 2147483647;
			files = (
				114B9C48155AF409003F785C /* InfoPlist.strings in Resources */,
			);
			runOnlyForDeploymentPostprocessing = 0;
		};
/* End PBXResourcesBuildPhase section */

/* Begin PBXShellScriptBuildPhase section */
		114B9C3A155AF409003F785C /* ShellScript */ = {
			isa = PBXShellScriptBuildPhase;
			buildActionMask = 2147483647;
			files = (
			);
			inputPaths = (
			);
			outputPaths = (
			);
			runOnlyForDeploymentPostprocessing = 0;
			shellPath = /bin/sh;
			shellScript = "# Run the unit tests in this test bundle.\n\"${SYSTEM_DEVELOPER_DIR}/Tools/RunUnitTests\"\n";
		};
/* End PBXShellScriptBuildPhase section */

/* Begin PBXSourcesBuildPhase section */
		114B9C14155AF408003F785C /* Sources */ = {
			isa = PBXSourcesBuildPhase;
			buildActionMask = 2147483647;
			files = (
				114B9C29155AF408003F785C /* main.m in Sources */,
				114B9C2D155AF408003F785C /* ShoppingListAppDelegate.m in Sources */,
				11C4AD4A155D0B4A00CE7C7C /* ShoppingListTableViewController.m in Sources */,
				117D405B155D0D2200AD6F4E /* ShoppingListDataModel.xcdatamodeld in Sources */,
				11C289E4155D3EC300BC089D /* CoreDataTableViewController.m in Sources */,
				114F7EA7155ECB11002209AF /* ListContentTableViewController.m in Sources */,
				11F1CCBE156675D0000FB0E1 /* ShoppingListSettingManager.m in Sources */,
				11330E121566FDDE006691BF /* OptionsTableViewController.m in Sources */,
				113C98261567925800AFD094 /* SelectFontSizeTableViewController.m in Sources */,
				113C982A1567927100AFD094 /* SelectSortingRuleTableViewController.m in Sources */,
				115FC7011590C274002FBC83 /* Items+Manage.m in Sources */,
				115FC7041590C2A2002FBC83 /* Lists+Manage.m in Sources */,
				115FC7071590C3B0002FBC83 /* Contains+Manage.m in Sources */,
				115FC70A1590C95F002FBC83 /* Lists.m in Sources */,
				115FC70D1590C960002FBC83 /* Items.m in Sources */,
				115FC7131590C961002FBC83 /* Itemsstores.m in Sources */,
				115FC7191590C961002FBC83 /* Units.m in Sources */,
				11B703BC1591DCF800B06BA6 /* Units+Manage.m in Sources */,
				116283B315934D2500C025F6 /* EditingItemDetailTableViewControllerViewController.m in Sources */,
				11B6543315B00EEF00481D35 /* Stores+Manage.m in Sources */,
				11B6543915B0120000481D35 /* Itemsstores+Manage.m in Sources */,
				11298BF815B2779200314E2E /* Stores.m in Sources */,
				11298BFF15B277B100314E2E /* Contains.m in Sources */,
				11298C0215B3C0D400314E2E /* PriceStoreTableViewController.m in Sources */,
				116F059615B4EA81008C2C3A /* PriceTextField.m in Sources */,
				11348B1115B9D7F500D96A92 /* SelectStoreFilterTableViewController.m in Sources */,
				11348B1615B9DA5200D96A92 /* StoreFilteredListContentTableViewController.m in Sources */,
				1139D5A715BA5D8B0087ABAD /* SelectTagFilterTableViewController.m in Sources */,
				1139D5AA15BA5DC90087ABAD /* TagFilteredListContentTableViewController.m in Sources */,
			);
			runOnlyForDeploymentPostprocessing = 0;
		};
		114B9C37155AF409003F785C /* Sources */ = {
			isa = PBXSourcesBuildPhase;
			buildActionMask = 2147483647;
			files = (
				114B9C4B155AF409003F785C /* OIShoppingListTests.m in Sources */,
			);
			runOnlyForDeploymentPostprocessing = 0;
		};
/* End PBXSourcesBuildPhase section */

/* Begin PBXTargetDependency section */
		114B9C42155AF409003F785C /* PBXTargetDependency */ = {
			isa = PBXTargetDependency;
			target = 114B9C17155AF408003F785C /* OIShoppingList */;
			targetProxy = 114B9C41155AF409003F785C /* PBXContainerItemProxy */;
		};
/* End PBXTargetDependency section */

/* Begin PBXVariantGroup section */
		114B9C25155AF408003F785C /* InfoPlist.strings */ = {
			isa = PBXVariantGroup;
			children = (
				114B9C26155AF408003F785C /* en */,
			);
			name = InfoPlist.strings;
			sourceTree = "<group>";
		};
		114B9C2E155AF408003F785C /* MainStoryboard_iPhone.storyboard */ = {
			isa = PBXVariantGroup;
			children = (
				114B9C2F155AF408003F785C /* en */,
			);
			name = MainStoryboard_iPhone.storyboard;
			sourceTree = "<group>";
		};
		114B9C31155AF408003F785C /* MainStoryboard_iPad.storyboard */ = {
			isa = PBXVariantGroup;
			children = (
				114B9C32155AF408003F785C /* en */,
			);
			name = MainStoryboard_iPad.storyboard;
			sourceTree = "<group>";
		};
		114B9C46155AF409003F785C /* InfoPlist.strings */ = {
			isa = PBXVariantGroup;
			children = (
				114B9C47155AF409003F785C /* en */,
			);
			name = InfoPlist.strings;
			sourceTree = "<group>";
		};
/* End PBXVariantGroup section */

/* Begin XCBuildConfiguration section */
		114B9C4C155AF409003F785C /* Debug */ = {
			isa = XCBuildConfiguration;
			buildSettings = {
				ALWAYS_SEARCH_USER_PATHS = NO;
				ARCHS = "$(ARCHS_STANDARD_32_BIT)";
				CLANG_ENABLE_OBJC_ARC = YES;
				"CODE_SIGN_IDENTITY[sdk=iphoneos*]" = "iPhone Developer";
				COPY_PHASE_STRIP = NO;
				GCC_C_LANGUAGE_STANDARD = gnu99;
				GCC_DYNAMIC_NO_PIC = NO;
				GCC_OPTIMIZATION_LEVEL = 0;
				GCC_PREPROCESSOR_DEFINITIONS = (
					"DEBUG=1",
					"$(inherited)",
				);
				GCC_SYMBOLS_PRIVATE_EXTERN = NO;
				GCC_VERSION = com.apple.compilers.llvm.clang.1_0;
				GCC_WARN_ABOUT_MISSING_PROTOTYPES = YES;
				GCC_WARN_ABOUT_RETURN_TYPE = YES;
				GCC_WARN_UNUSED_VARIABLE = YES;
				IPHONEOS_DEPLOYMENT_TARGET = 5.0;
				SDKROOT = iphoneos;
				TARGETED_DEVICE_FAMILY = "1,2";
			};
			name = Debug;
		};
		114B9C4D155AF409003F785C /* Release */ = {
			isa = XCBuildConfiguration;
			buildSettings = {
				ALWAYS_SEARCH_USER_PATHS = NO;
				ARCHS = "$(ARCHS_STANDARD_32_BIT)";
				CLANG_ENABLE_OBJC_ARC = YES;
				"CODE_SIGN_IDENTITY[sdk=iphoneos*]" = "iPhone Developer";
				COPY_PHASE_STRIP = YES;
				GCC_C_LANGUAGE_STANDARD = gnu99;
				GCC_VERSION = com.apple.compilers.llvm.clang.1_0;
				GCC_WARN_ABOUT_MISSING_PROTOTYPES = YES;
				GCC_WARN_ABOUT_RETURN_TYPE = YES;
				GCC_WARN_UNUSED_VARIABLE = YES;
				IPHONEOS_DEPLOYMENT_TARGET = 5.0;
				OTHER_CFLAGS = "-DNS_BLOCK_ASSERTIONS=1";
				SDKROOT = iphoneos;
				TARGETED_DEVICE_FAMILY = "1,2";
				VALIDATE_PRODUCT = YES;
			};
			name = Release;
		};
		114B9C4F155AF409003F785C /* Debug */ = {
			isa = XCBuildConfiguration;
			buildSettings = {
				GCC_PRECOMPILE_PREFIX_HEADER = YES;
				GCC_PREFIX_HEADER = "OIShoppingList/OIShoppingList-Prefix.pch";
				INFOPLIST_FILE = "OIShoppingList/OIShoppingList-Info.plist";
				PRODUCT_NAME = "$(TARGET_NAME)";
				WRAPPER_EXTENSION = app;
			};
			name = Debug;
		};
		114B9C50155AF409003F785C /* Release */ = {
			isa = XCBuildConfiguration;
			buildSettings = {
				GCC_PRECOMPILE_PREFIX_HEADER = YES;
				GCC_PREFIX_HEADER = "OIShoppingList/OIShoppingList-Prefix.pch";
				INFOPLIST_FILE = "OIShoppingList/OIShoppingList-Info.plist";
				PRODUCT_NAME = "$(TARGET_NAME)";
				WRAPPER_EXTENSION = app;
			};
			name = Release;
		};
		114B9C52155AF409003F785C /* Debug */ = {
			isa = XCBuildConfiguration;
			buildSettings = {
				BUNDLE_LOADER = "$(BUILT_PRODUCTS_DIR)/OIShoppingList.app/OIShoppingList";
				FRAMEWORK_SEARCH_PATHS = (
					"$(SDKROOT)/Developer/Library/Frameworks",
					"$(DEVELOPER_LIBRARY_DIR)/Frameworks",
				);
				GCC_PRECOMPILE_PREFIX_HEADER = YES;
				GCC_PREFIX_HEADER = "OIShoppingList/OIShoppingList-Prefix.pch";
				INFOPLIST_FILE = "OIShoppingListTests/OIShoppingListTests-Info.plist";
				PRODUCT_NAME = "$(TARGET_NAME)";
				TEST_HOST = "$(BUNDLE_LOADER)";
				WRAPPER_EXTENSION = octest;
			};
			name = Debug;
		};
		114B9C53155AF409003F785C /* Release */ = {
			isa = XCBuildConfiguration;
			buildSettings = {
				BUNDLE_LOADER = "$(BUILT_PRODUCTS_DIR)/OIShoppingList.app/OIShoppingList";
				FRAMEWORK_SEARCH_PATHS = (
					"$(SDKROOT)/Developer/Library/Frameworks",
					"$(DEVELOPER_LIBRARY_DIR)/Frameworks",
				);
				GCC_PRECOMPILE_PREFIX_HEADER = YES;
				GCC_PREFIX_HEADER = "OIShoppingList/OIShoppingList-Prefix.pch";
				INFOPLIST_FILE = "OIShoppingListTests/OIShoppingListTests-Info.plist";
				PRODUCT_NAME = "$(TARGET_NAME)";
				TEST_HOST = "$(BUNDLE_LOADER)";
				WRAPPER_EXTENSION = octest;
			};
			name = Release;
		};
/* End XCBuildConfiguration section */

/* Begin XCConfigurationList section */
		114B9C12155AF408003F785C /* Build configuration list for PBXProject "OIShoppingList" */ = {
			isa = XCConfigurationList;
			buildConfigurations = (
				114B9C4C155AF409003F785C /* Debug */,
				114B9C4D155AF409003F785C /* Release */,
			);
			defaultConfigurationIsVisible = 0;
			defaultConfigurationName = Release;
		};
		114B9C4E155AF409003F785C /* Build configuration list for PBXNativeTarget "OIShoppingList" */ = {
			isa = XCConfigurationList;
			buildConfigurations = (
				114B9C4F155AF409003F785C /* Debug */,
				114B9C50155AF409003F785C /* Release */,
			);
			defaultConfigurationIsVisible = 0;
			defaultConfigurationName = Release;
		};
		114B9C51155AF409003F785C /* Build configuration list for PBXNativeTarget "OIShoppingListTests" */ = {
			isa = XCConfigurationList;
			buildConfigurations = (
				114B9C52155AF409003F785C /* Debug */,
				114B9C53155AF409003F785C /* Release */,
			);
			defaultConfigurationIsVisible = 0;
			defaultConfigurationName = Release;
		};
/* End XCConfigurationList section */

/* Begin XCVersionGroup section */
		117D4059155D0D2200AD6F4E /* ShoppingListDataModel.xcdatamodeld */ = {
			isa = XCVersionGroup;
			children = (
				117D405A155D0D2200AD6F4E /* ShoppingListDataModel.xcdatamodel */,
			);
			currentVersion = 117D405A155D0D2200AD6F4E /* ShoppingListDataModel.xcdatamodel */;
			path = ShoppingListDataModel.xcdatamodeld;
			sourceTree = "<group>";
			versionGroupType = wrapper.xcdatamodel;
		};
/* End XCVersionGroup section */
	};
	rootObject = 114B9C0F155AF408003F785C /* Project object */;
}
